
Microsoft Visual Studio Solution File, Format Version 12.00
# Visual Studio Version 17
VisualStudioVersion = 17.9.34622.214
MinimumVisualStudioVersion = 10.0.40219.1
Project("{FAE04EC0-301F-11D3-BF4B-00C04F79EFBC}") = "GetRandomQuotes", "GetRandomQuotes.csproj", "{0C69E12E-9BE4-4837-AF2E-570534A557B6}"
EndProject
Global
	GlobalSection(SolutionConfigurationPlatforms) = preSolution
		Debug|Any CPU = Debug|Any CPU
		Release|Any CPU = Release|Any CPU
	EndGlobalSection
	GlobalSection(ProjectConfigurationPlatforms) = postSolution
		{0C69E12E-9BE4-4837-AF2E-570534A557B6}.Debug|Any CPU.ActiveCfg = Debug|Any CPU
		{0C69E12E-9BE4-4837-AF2E-570534A557B6}.Debug|Any CPU.Build.0 = Debug|Any CPU
		{0C69E12E-9BE4-4837-AF2E-570534A557B6}.Release|Any CPU.ActiveCfg = Release|Any CPU
		{0C69E12E-9BE4-4837-AF2E-570534A557B6}.Release|Any CPU.Build.0 = Release|Any CPU
	EndGlobalSection
	GlobalSection(SolutionProperties) = preSolution
		HideSolutionNode = FALSE
	EndGlobalSection
	GlobalSection(ExtensibilityGlobals) = postSolution
		SolutionGuid = {90DE5621-1897-482B-A6AE-1EB373A60DC4}
	EndGlobalSection
EndGlobal
